{
  "name": "@pylonide/vfs-nodefs-adapter",
  "version": "0.8.0",
  "lockfileVersion": 2,
  "requires": true,
  "packages": {
    "": {
      "name": "@pylonide/vfs-nodefs-adapter",
      "version": "0.8.0",
      "license": "MIT",
      "engines": {
        "node": ">= 20.19.0"
      }
    }
  }
}
