{
  "name": "@pylonide/vfs-nodefs-adapter",
  "version": "0.6.0",
  "lockfileVersion": 2,
  "requires": true,
  "packages": {
    "": {
      "name": "@pylonide/vfs-nodefs-adapter",
      "version": "0.6.0",
      "license": "MIT",
      "engines": {
        "node": ">= 14.21.1",
        "npm": ">= 6.14.17"
      }
    }
  }
}
